// !$*UTF8*$!
{
	archiveVersion = 1;
	classes = {
	};
	objectVersion = 46;
	objects = {

/* Begin PBXBuildFile section */
		3D2C07BA1E7ECD9600D32C94 /* NotificationManager.swift in Sources */ = {isa = PBXBuildFile; fileRef = 3D2C07B91E7ECD9600D32C94 /* NotificationManager.swift */; };
		3D49FA3A1E7C3EB80084F4CD /* AppDelegate.swift in Sources */ = {isa = PBXBuildFile; fileRef = 3D49FA391E7C3EB80084F4CD /* AppDelegate.swift */; };
		3D49FA3C1E7C3EB80084F4CD /* MainTableViewController.swift in Sources */ = {isa = PBXBuildFile; fileRef = 3D49FA3B1E7C3EB80084F4CD /* MainTableViewController.swift */; };
		3D49FA411E7C3EB80084F4CD /* Assets.xcassets in Resources */ = {isa = PBXBuildFile; fileRef = 3D49FA401E7C3EB80084F4CD /* Assets.xcassets */; };
		3D49FA581E7C47590084F4CD /* LaunchScreen.storyboard in Resources */ = {isa = PBXBuildFile; fileRef = 3D49FA541E7C47590084F4CD /* LaunchScreen.storyboard */; };
		3D49FA591E7C47590084F4CD /* Main.storyboard in Resources */ = {isa = PBXBuildFile; fileRef = 3D49FA561E7C47590084F4CD /* Main.storyboard */; };
		3D49FA5B1E7C58940084F4CD /* Router.swift in Sources */ = {isa = PBXBuildFile; fileRef = 3D49FA5A1E7C58940084F4CD /* Router.swift */; };
		3D49FA5D1E7C79AC0084F4CD /* APIService.swift in Sources */ = {isa = PBXBuildFile; fileRef = 3D49FA5C1E7C79AC0084F4CD /* APIService.swift */; };
		3D49FA611E7C7E6D0084F4CD /* Alertable.swift in Sources */ = {isa = PBXBuildFile; fileRef = 3D49FA601E7C7E6D0084F4CD /* Alertable.swift */; };
		3D49FA651E7D640B0084F4CD /* UsersViewController.swift in Sources */ = {isa = PBXBuildFile; fileRef = 3D49FA641E7D640B0084F4CD /* UsersViewController.swift */; };
		3D49FA681E7D96620084F4CD /* User.swift in Sources */ = {isa = PBXBuildFile; fileRef = 3D49FA671E7D96620084F4CD /* User.swift */; };
		3D49FA6A1E7D968C0084F4CD /* Address.swift in Sources */ = {isa = PBXBuildFile; fileRef = 3D49FA691E7D968C0084F4CD /* Address.swift */; };
		3D49FA6C1E7D96A40084F4CD /* Geolocation.swift in Sources */ = {isa = PBXBuildFile; fileRef = 3D49FA6B1E7D96A40084F4CD /* Geolocation.swift */; };
		3D49FA701E7DB7EF0084F4CD /* UserTableViewCell.swift in Sources */ = {isa = PBXBuildFile; fileRef = 3D49FA6F1E7DB7EF0084F4CD /* UserTableViewCell.swift */; };
		3D6EF6DC1E87F3C100813E97 /* UsersSectionHeaderView.xib in Resources */ = {isa = PBXBuildFile; fileRef = 3D6EF6DB1E87F3C100813E97 /* UsersSectionHeaderView.xib */; };
		3D6EF6DE1E87FC7C00813E97 /* UsersSectionHeaderView.swift in Sources */ = {isa = PBXBuildFile; fileRef = 3D6EF6DD1E87FC7C00813E97 /* UsersSectionHeaderView.swift */; };
		3D6EF6E11E88035C00813E97 /* UsersSectionFooterView.swift in Sources */ = {isa = PBXBuildFile; fileRef = 3D6EF6E01E88035C00813E97 /* UsersSectionFooterView.swift */; };
		3D6EF6E31E88036E00813E97 /* UsersSectionFooterView.xib in Resources */ = {isa = PBXBuildFile; fileRef = 3D6EF6E21E88036E00813E97 /* UsersSectionFooterView.xib */; };
		3D6EF6E51E880ACD00813E97 /* WebViewController.swift in Sources */ = {isa = PBXBuildFile; fileRef = 3D6EF6E41E880ACD00813E97 /* WebViewController.swift */; };
		3DB80C211E7DBF81008F8645 /* EditOptionsView.swift in Sources */ = {isa = PBXBuildFile; fileRef = 3DB80C201E7DBF81008F8645 /* EditOptionsView.swift */; };
		3DB80C231E7DC75A008F8645 /* EditOptionsTableViewCell.swift in Sources */ = {isa = PBXBuildFile; fileRef = 3DB80C221E7DC75A008F8645 /* EditOptionsTableViewCell.swift */; };
		3DB80C261E7E93DF008F8645 /* WelcomeView.xib in Resources */ = {isa = PBXBuildFile; fileRef = 3DB80C251E7E93DF008F8645 /* WelcomeView.xib */; };
		3DB80C281E7E94F2008F8645 /* WelcomeView.swift in Sources */ = {isa = PBXBuildFile; fileRef = 3DB80C271E7E94F2008F8645 /* WelcomeView.swift */; };
		3DB80C2B1E7EBE05008F8645 /* UIColor+Extension.swift in Sources */ = {isa = PBXBuildFile; fileRef = 3DB80C2A1E7EBE05008F8645 /* UIColor+Extension.swift */; };
		3DB80C2E1E7EC0DA008F8645 /* BaseViewController.swift in Sources */ = {isa = PBXBuildFile; fileRef = 3DB80C2D1E7EC0DA008F8645 /* BaseViewController.swift */; };
		6C0D101B49C262289BB5B44B /* Pods_JSONPlaceholderShowcaseApp.framework in Frameworks */ = {isa = PBXBuildFile; fileRef = FC872A36D42FCB9871D60697 /* Pods_JSONPlaceholderShowcaseApp.framework */; };
/* End PBXBuildFile section */

/* Begin PBXFileReference section */
		0374B4BEF84D8DC07AB50E73 /* Pods-JSONPlaceholderShowcaseApp.release.xcconfig */ = {isa = PBXFileReference; includeInIndex = 1; lastKnownFileType = text.xcconfig; name = "Pods-JSONPlaceholderShowcaseApp.release.xcconfig"; path = "Pods/Target Support Files/Pods-JSONPlaceholderShowcaseApp/Pods-JSONPlaceholderShowcaseApp.release.xcconfig"; sourceTree = "<group>"; };
		12683EFB3C6E576D8740F481 /* Pods-JSONPlaceholderShowcaseApp.debug.xcconfig */ = {isa = PBXFileReference; includeInIndex = 1; lastKnownFileType = text.xcconfig; name = "Pods-JSONPlaceholderShowcaseApp.debug.xcconfig"; path = "Pods/Target Support Files/Pods-JSONPlaceholderShowcaseApp/Pods-JSONPlaceholderShowcaseApp.debug.xcconfig"; sourceTree = "<group>"; };
		3D2C07B91E7ECD9600D32C94 /* NotificationManager.swift */ = {isa = PBXFileReference; fileEncoding = 4; lastKnownFileType = sourcecode.swift; path = NotificationManager.swift; sourceTree = "<group>"; };
		3D49FA361E7C3EB80084F4CD /* JSONPlaceholderShowcaseApp.app */ = {isa = PBXFileReference; explicitFileType = wrapper.application; includeInIndex = 0; path = JSONPlaceholderShowcaseApp.app; sourceTree = BUILT_PRODUCTS_DIR; };
		3D49FA391E7C3EB80084F4CD /* AppDelegate.swift */ = {isa = PBXFileReference; lastKnownFileType = sourcecode.swift; path = AppDelegate.swift; sourceTree = "<group>"; };
		3D49FA3B1E7C3EB80084F4CD /* MainTableViewController.swift */ = {isa = PBXFileReference; lastKnownFileType = sourcecode.swift; path = MainTableViewController.swift; sourceTree = "<group>"; };
		3D49FA401E7C3EB80084F4CD /* Assets.xcassets */ = {isa = PBXFileReference; lastKnownFileType = folder.assetcatalog; path = Assets.xcassets; sourceTree = "<group>"; };
		3D49FA451E7C3EB80084F4CD /* Info.plist */ = {isa = PBXFileReference; lastKnownFileType = text.plist.xml; path = Info.plist; sourceTree = "<group>"; };
		3D49FA551E7C47590084F4CD /* Base */ = {isa = PBXFileReference; lastKnownFileType = file.storyboard; name = Base; path = Base.lproj/LaunchScreen.storyboard; sourceTree = "<group>"; };
		3D49FA571E7C47590084F4CD /* Base */ = {isa = PBXFileReference; lastKnownFileType = file.storyboard; name = Base; path = Base.lproj/Main.storyboard; sourceTree = "<group>"; };
		3D49FA5A1E7C58940084F4CD /* Router.swift */ = {isa = PBXFileReference; fileEncoding = 4; lastKnownFileType = sourcecode.swift; path = Router.swift; sourceTree = "<group>"; };
		3D49FA5C1E7C79AC0084F4CD /* APIService.swift */ = {isa = PBXFileReference; fileEncoding = 4; lastKnownFileType = sourcecode.swift; path = APIService.swift; sourceTree = "<group>"; };
		3D49FA601E7C7E6D0084F4CD /* Alertable.swift */ = {isa = PBXFileReference; fileEncoding = 4; lastKnownFileType = sourcecode.swift; path = Alertable.swift; sourceTree = "<group>"; };
		3D49FA641E7D640B0084F4CD /* UsersViewController.swift */ = {isa = PBXFileReference; fileEncoding = 4; lastKnownFileType = sourcecode.swift; path = UsersViewController.swift; sourceTree = "<group>"; };
		3D49FA671E7D96620084F4CD /* User.swift */ = {isa = PBXFileReference; fileEncoding = 4; lastKnownFileType = sourcecode.swift; path = User.swift; sourceTree = "<group>"; };
		3D49FA691E7D968C0084F4CD /* Address.swift */ = {isa = PBXFileReference; fileEncoding = 4; lastKnownFileType = sourcecode.swift; path = Address.swift; sourceTree = "<group>"; };
		3D49FA6B1E7D96A40084F4CD /* Geolocation.swift */ = {isa = PBXFileReference; fileEncoding = 4; lastKnownFileType = sourcecode.swift; path = Geolocation.swift; sourceTree = "<group>"; };
		3D49FA6F1E7DB7EF0084F4CD /* UserTableViewCell.swift */ = {isa = PBXFileReference; fileEncoding = 4; lastKnownFileType = sourcecode.swift; path = UserTableViewCell.swift; sourceTree = "<group>"; };
		3D6EF6DB1E87F3C100813E97 /* UsersSectionHeaderView.xib */ = {isa = PBXFileReference; fileEncoding = 4; lastKnownFileType = file.xib; path = UsersSectionHeaderView.xib; sourceTree = "<group>"; };
		3D6EF6DD1E87FC7C00813E97 /* UsersSectionHeaderView.swift */ = {isa = PBXFileReference; fileEncoding = 4; lastKnownFileType = sourcecode.swift; path = UsersSectionHeaderView.swift; sourceTree = "<group>"; };
		3D6EF6E01E88035C00813E97 /* UsersSectionFooterView.swift */ = {isa = PBXFileReference; fileEncoding = 4; lastKnownFileType = sourcecode.swift; path = UsersSectionFooterView.swift; sourceTree = "<group>"; };
		3D6EF6E21E88036E00813E97 /* UsersSectionFooterView.xib */ = {isa = PBXFileReference; fileEncoding = 4; lastKnownFileType = file.xib; path = UsersSectionFooterView.xib; sourceTree = "<group>"; };
		3D6EF6E41E880ACD00813E97 /* WebViewController.swift */ = {isa = PBXFileReference; fileEncoding = 4; lastKnownFileType = sourcecode.swift; path = WebViewController.swift; sourceTree = "<group>"; };
		3DB80C201E7DBF81008F8645 /* EditOptionsView.swift */ = {isa = PBXFileReference; fileEncoding = 4; lastKnownFileType = sourcecode.swift; path = EditOptionsView.swift; sourceTree = "<group>"; };
		3DB80C221E7DC75A008F8645 /* EditOptionsTableViewCell.swift */ = {isa = PBXFileReference; fileEncoding = 4; lastKnownFileType = sourcecode.swift; path = EditOptionsTableViewCell.swift; sourceTree = "<group>"; };
		3DB80C251E7E93DF008F8645 /* WelcomeView.xib */ = {isa = PBXFileReference; fileEncoding = 4; lastKnownFileType = file.xib; path = WelcomeView.xib; sourceTree = "<group>"; };
		3DB80C271E7E94F2008F8645 /* WelcomeView.swift */ = {isa = PBXFileReference; fileEncoding = 4; lastKnownFileType = sourcecode.swift; path = WelcomeView.swift; sourceTree = "<group>"; };
		3DB80C2A1E7EBE05008F8645 /* UIColor+Extension.swift */ = {isa = PBXFileReference; fileEncoding = 4; lastKnownFileType = sourcecode.swift; path = "UIColor+Extension.swift"; sourceTree = "<group>"; };
		3DB80C2D1E7EC0DA008F8645 /* BaseViewController.swift */ = {isa = PBXFileReference; fileEncoding = 4; lastKnownFileType = sourcecode.swift; path = BaseViewController.swift; sourceTree = "<group>"; };
		FC872A36D42FCB9871D60697 /* Pods_JSONPlaceholderShowcaseApp.framework */ = {isa = PBXFileReference; explicitFileType = wrapper.framework; includeInIndex = 0; path = Pods_JSONPlaceholderShowcaseApp.framework; sourceTree = BUILT_PRODUCTS_DIR; };
/* End PBXFileReference section */

/* Begin PBXFrameworksBuildPhase section */
		3D49FA331E7C3EB80084F4CD /* Frameworks */ = {
			isa = PBXFrameworksBuildPhase;
			buildActionMask = 2147483647;
			files = (
				6C0D101B49C262289BB5B44B /* Pods_JSONPlaceholderShowcaseApp.framework in Frameworks */,
			);
			runOnlyForDeploymentPostprocessing = 0;
		};
/* End PBXFrameworksBuildPhase section */

/* Begin PBXGroup section */
		3D2C07B81E7ECD1B00D32C94 /* Models */ = {
			isa = PBXGroup;
			children = (
				3D2C07B91E7ECD9600D32C94 /* NotificationManager.swift */,
			);
			path = Models;
			sourceTree = "<group>";
		};
		3D49FA2D1E7C3EB80084F4CD = {
			isa = PBXGroup;
			children = (
				3D49FA381E7C3EB80084F4CD /* JSONPlaceholderShowcaseApp */,
				3D49FA371E7C3EB80084F4CD /* Products */,
				5D1452086E85F7700B0C3E2C /* Pods */,
				EE40B097B3F213E820218235 /* Frameworks */,
			);
			sourceTree = "<group>";
		};
		3D49FA371E7C3EB80084F4CD /* Products */ = {
			isa = PBXGroup;
			children = (
				3D49FA361E7C3EB80084F4CD /* JSONPlaceholderShowcaseApp.app */,
			);
			name = Products;
			sourceTree = "<group>";
		};
		3D49FA381E7C3EB80084F4CD /* JSONPlaceholderShowcaseApp */ = {
			isa = PBXGroup;
			children = (
				3D49FA511E7C42EC0084F4CD /* Storyboard */,
				3D49FA4F1E7C42E00084F4CD /* Application */,
				3D49FA5E1E7C7DFF0084F4CD /* Common */,
				3D49FA4E1E7C42A30084F4CD /* Service */,
				3D49FA521E7C43440084F4CD /* Modules */,
				3D49FA501E7C42E70084F4CD /* Resources */,
			);
			path = JSONPlaceholderShowcaseApp;
			sourceTree = "<group>";
		};
		3D49FA4B1E7C42880084F4CD /* Model */ = {
			isa = PBXGroup;
			children = (
			);
			path = Model;
			sourceTree = "<group>";
		};
		3D49FA4C1E7C42900084F4CD /* View */ = {
			isa = PBXGroup;
			children = (
				3DB80C241E7E93C0008F8645 /* WelcomeView */,
			);
			path = View;
			sourceTree = "<group>";
		};
		3D49FA4D1E7C42950084F4CD /* Controller */ = {
			isa = PBXGroup;
			children = (
				3D49FA3B1E7C3EB80084F4CD /* MainTableViewController.swift */,
			);
			path = Controller;
			sourceTree = "<group>";
		};
		3D49FA4E1E7C42A30084F4CD /* Service */ = {
			isa = PBXGroup;
			children = (
				3D49FA5A1E7C58940084F4CD /* Router.swift */,
				3D49FA5C1E7C79AC0084F4CD /* APIService.swift */,
			);
			path = Service;
			sourceTree = "<group>";
		};
		3D49FA4F1E7C42E00084F4CD /* Application */ = {
			isa = PBXGroup;
			children = (
				3D49FA391E7C3EB80084F4CD /* AppDelegate.swift */,
			);
			path = Application;
			sourceTree = "<group>";
		};
		3D49FA501E7C42E70084F4CD /* Resources */ = {
			isa = PBXGroup;
			children = (
				3D49FA401E7C3EB80084F4CD /* Assets.xcassets */,
				3D49FA451E7C3EB80084F4CD /* Info.plist */,
			);
			path = Resources;
			sourceTree = "<group>";
		};
		3D49FA511E7C42EC0084F4CD /* Storyboard */ = {
			isa = PBXGroup;
			children = (
				3D49FA541E7C47590084F4CD /* LaunchScreen.storyboard */,
				3D49FA561E7C47590084F4CD /* Main.storyboard */,
			);
			path = Storyboard;
			sourceTree = "<group>";
		};
		3D49FA521E7C43440084F4CD /* Modules */ = {
			isa = PBXGroup;
			children = (
				3D49FA531E7C43770084F4CD /* Main Module */,
				3D49FA621E7D639E0084F4CD /* Users Module */,
			);
			name = Modules;
			path = Module;
			sourceTree = "<group>";
		};
		3D49FA531E7C43770084F4CD /* Main Module */ = {
			isa = PBXGroup;
			children = (
				3D49FA4B1E7C42880084F4CD /* Model */,
				3D49FA4C1E7C42900084F4CD /* View */,
				3D49FA4D1E7C42950084F4CD /* Controller */,
			);
			path = "Main Module";
			sourceTree = "<group>";
		};
		3D49FA5E1E7C7DFF0084F4CD /* Common */ = {
			isa = PBXGroup;
			children = (
				3D2C07B81E7ECD1B00D32C94 /* Models */,
				3DB80C2C1E7EC003008F8645 /* Controllers */,
				3DB80C291E7EBD9B008F8645 /* Extension */,
				3D49FA5F1E7C7E1C0084F4CD /* Protocols */,
			);
			path = Common;
			sourceTree = "<group>";
		};
		3D49FA5F1E7C7E1C0084F4CD /* Protocols */ = {
			isa = PBXGroup;
			children = (
				3D49FA601E7C7E6D0084F4CD /* Alertable.swift */,
			);
			path = Protocols;
			sourceTree = "<group>";
		};
		3D49FA621E7D639E0084F4CD /* Users Module */ = {
			isa = PBXGroup;
			children = (
				3D49FA6D1E7DB7040084F4CD /* View */,
				3D49FA661E7D96300084F4CD /* Model */,
				3D49FA631E7D63D10084F4CD /* Controller */,
			);
			path = "Users Module";
			sourceTree = "<group>";
		};
		3D49FA631E7D63D10084F4CD /* Controller */ = {
			isa = PBXGroup;
			children = (
				3D49FA641E7D640B0084F4CD /* UsersViewController.swift */,
				3D6EF6E41E880ACD00813E97 /* WebViewController.swift */,
			);
			path = Controller;
			sourceTree = "<group>";
		};
		3D49FA661E7D96300084F4CD /* Model */ = {
			isa = PBXGroup;
			children = (
				3D49FA671E7D96620084F4CD /* User.swift */,
				3D49FA691E7D968C0084F4CD /* Address.swift */,
				3D49FA6B1E7D96A40084F4CD /* Geolocation.swift */,
			);
			path = Model;
			sourceTree = "<group>";
		};
		3D49FA6D1E7DB7040084F4CD /* View */ = {
			isa = PBXGroup;
			children = (
				3D6EF6DA1E87F34E00813E97 /* SectionView */,
				3D6EF6DF1E8802EF00813E97 /* FooterView */,
				3D49FA6E1E7DB7090084F4CD /* Cells */,
				3DB80C201E7DBF81008F8645 /* EditOptionsView.swift */,
			);
			path = View;
			sourceTree = "<group>";
		};
		3D49FA6E1E7DB7090084F4CD /* Cells */ = {
			isa = PBXGroup;
			children = (
				3D49FA6F1E7DB7EF0084F4CD /* UserTableViewCell.swift */,
				3DB80C221E7DC75A008F8645 /* EditOptionsTableViewCell.swift */,
			);
			path = Cells;
			sourceTree = "<group>";
		};
		3D6EF6DA1E87F34E00813E97 /* SectionView */ = {
			isa = PBXGroup;
			children = (
				3D6EF6DB1E87F3C100813E97 /* UsersSectionHeaderView.xib */,
				3D6EF6DD1E87FC7C00813E97 /* UsersSectionHeaderView.swift */,
			);
			path = SectionView;
			sourceTree = "<group>";
		};
		3D6EF6DF1E8802EF00813E97 /* FooterView */ = {
			isa = PBXGroup;
			children = (
				3D6EF6E21E88036E00813E97 /* UsersSectionFooterView.xib */,
				3D6EF6E01E88035C00813E97 /* UsersSectionFooterView.swift */,
			);
			path = FooterView;
			sourceTree = "<group>";
		};
		3DB80C241E7E93C0008F8645 /* WelcomeView */ = {
			isa = PBXGroup;
			children = (
				3DB80C251E7E93DF008F8645 /* WelcomeView.xib */,
				3DB80C271E7E94F2008F8645 /* WelcomeView.swift */,
			);
			name = WelcomeView;
			path = "Welcome View";
			sourceTree = "<group>";
		};
		3DB80C291E7EBD9B008F8645 /* Extension */ = {
			isa = PBXGroup;
			children = (
				3DB80C2A1E7EBE05008F8645 /* UIColor+Extension.swift */,
			);
			path = Extension;
			sourceTree = "<group>";
		};
		3DB80C2C1E7EC003008F8645 /* Controllers */ = {
			isa = PBXGroup;
			children = (
				3DB80C2D1E7EC0DA008F8645 /* BaseViewController.swift */,
			);
			path = Controllers;
			sourceTree = "<group>";
		};
		5D1452086E85F7700B0C3E2C /* Pods */ = {
			isa = PBXGroup;
			children = (
				12683EFB3C6E576D8740F481 /* Pods-JSONPlaceholderShowcaseApp.debug.xcconfig */,
				0374B4BEF84D8DC07AB50E73 /* Pods-JSONPlaceholderShowcaseApp.release.xcconfig */,
			);
			name = Pods;
			sourceTree = "<group>";
		};
		EE40B097B3F213E820218235 /* Frameworks */ = {
			isa = PBXGroup;
			children = (
				FC872A36D42FCB9871D60697 /* Pods_JSONPlaceholderShowcaseApp.framework */,
			);
			name = Frameworks;
			sourceTree = "<group>";
		};
/* End PBXGroup section */

/* Begin PBXNativeTarget section */
		3D49FA351E7C3EB80084F4CD /* JSONPlaceholderShowcaseApp */ = {
			isa = PBXNativeTarget;
			buildConfigurationList = 3D49FA481E7C3EB80084F4CD /* Build configuration list for PBXNativeTarget "JSONPlaceholderShowcaseApp" */;
			buildPhases = (
				00DACC24674E1FCB4EA01C6D /* [CP] Check Pods Manifest.lock */,
				3D49FA321E7C3EB80084F4CD /* Sources */,
				3D49FA331E7C3EB80084F4CD /* Frameworks */,
				3D49FA341E7C3EB80084F4CD /* Resources */,
				E44BF2327772946C02F606FB /* [CP] Embed Pods Frameworks */,
				0D3589B43464865C5AD3CC09 /* [CP] Copy Pods Resources */,
			);
			buildRules = (
			);
			dependencies = (
			);
			name = JSONPlaceholderShowcaseApp;
			productName = JSONPlaceholderShowcaseApp;
			productReference = 3D49FA361E7C3EB80084F4CD /* JSONPlaceholderShowcaseApp.app */;
			productType = "com.apple.product-type.application";
		};
/* End PBXNativeTarget section */

/* Begin PBXProject section */
		3D49FA2E1E7C3EB80084F4CD /* Project object */ = {
			isa = PBXProject;
			attributes = {
				LastSwiftUpdateCheck = 0820;
				LastUpgradeCheck = 0820;
				ORGANIZATIONNAME = "Damir Peterlik";
				TargetAttributes = {
					3D49FA351E7C3EB80084F4CD = {
						CreatedOnToolsVersion = 8.2.1;
						DevelopmentTeam = JFNBD6A383;
						ProvisioningStyle = Automatic;
					};
				};
			};
			buildConfigurationList = 3D49FA311E7C3EB80084F4CD /* Build configuration list for PBXProject "JSONPlaceholderShowcaseApp" */;
			compatibilityVersion = "Xcode 3.2";
			developmentRegion = English;
			hasScannedForEncodings = 0;
			knownRegions = (
				en,
				Base,
			);
			mainGroup = 3D49FA2D1E7C3EB80084F4CD;
			productRefGroup = 3D49FA371E7C3EB80084F4CD /* Products */;
			projectDirPath = "";
			projectRoot = "";
			targets = (
				3D49FA351E7C3EB80084F4CD /* JSONPlaceholderShowcaseApp */,
			);
		};
/* End PBXProject section */

/* Begin PBXResourcesBuildPhase section */
		3D49FA341E7C3EB80084F4CD /* Resources */ = {
			isa = PBXResourcesBuildPhase;
			buildActionMask = 2147483647;
			files = (
				3D6EF6E31E88036E00813E97 /* UsersSectionFooterView.xib in Resources */,
				3D6EF6DC1E87F3C100813E97 /* UsersSectionHeaderView.xib in Resources */,
				3D49FA591E7C47590084F4CD /* Main.storyboard in Resources */,
				3D49FA411E7C3EB80084F4CD /* Assets.xcassets in Resources */,
				3D49FA581E7C47590084F4CD /* LaunchScreen.storyboard in Resources */,
				3DB80C261E7E93DF008F8645 /* WelcomeView.xib in Resources */,
			);
			runOnlyForDeploymentPostprocessing = 0;
		};
/* End PBXResourcesBuildPhase section */

/* Begin PBXShellScriptBuildPhase section */
		00DACC24674E1FCB4EA01C6D /* [CP] Check Pods Manifest.lock */ = {
			isa = PBXShellScriptBuildPhase;
			buildActionMask = 2147483647;
			files = (
			);
			inputPaths = (
			);
			name = "[CP] Check Pods Manifest.lock";
			outputPaths = (
			);
			runOnlyForDeploymentPostprocessing = 0;
			shellPath = /bin/sh;
			shellScript = "diff \"${PODS_ROOT}/../Podfile.lock\" \"${PODS_ROOT}/Manifest.lock\" > /dev/null\nif [ $? != 0 ] ; then\n    # print error to STDERR\n    echo \"error: The sandbox is not in sync with the Podfile.lock. Run 'pod install' or update your CocoaPods installation.\" >&2\n    exit 1\nfi\n";
			showEnvVarsInLog = 0;
		};
		0D3589B43464865C5AD3CC09 /* [CP] Copy Pods Resources */ = {
			isa = PBXShellScriptBuildPhase;
			buildActionMask = 2147483647;
			files = (
			);
			inputPaths = (
			);
			name = "[CP] Copy Pods Resources";
			outputPaths = (
			);
			runOnlyForDeploymentPostprocessing = 0;
			shellPath = /bin/sh;
			shellScript = "\"${SRCROOT}/Pods/Target Support Files/Pods-JSONPlaceholderShowcaseApp/Pods-JSONPlaceholderShowcaseApp-resources.sh\"\n";
			showEnvVarsInLog = 0;
		};
		E44BF2327772946C02F606FB /* [CP] Embed Pods Frameworks */ = {
			isa = PBXShellScriptBuildPhase;
			buildActionMask = 2147483647;
			files = (
			);
			inputPaths = (
			);
			name = "[CP] Embed Pods Frameworks";
			outputPaths = (
			);
			runOnlyForDeploymentPostprocessing = 0;
			shellPath = /bin/sh;
			shellScript = "\"${SRCROOT}/Pods/Target Support Files/Pods-JSONPlaceholderShowcaseApp/Pods-JSONPlaceholderShowcaseApp-frameworks.sh\"\n";
			showEnvVarsInLog = 0;
		};
/* End PBXShellScriptBuildPhase section */

/* Begin PBXSourcesBuildPhase section */
		3D49FA321E7C3EB80084F4CD /* Sources */ = {
			isa = PBXSourcesBuildPhase;
			buildActionMask = 2147483647;
			files = (
				3D6EF6E51E880ACD00813E97 /* WebViewController.swift in Sources */,
				3D6EF6E11E88035C00813E97 /* UsersSectionFooterView.swift in Sources */,
				3D6EF6DE1E87FC7C00813E97 /* UsersSectionHeaderView.swift in Sources */,
				3D49FA3C1E7C3EB80084F4CD /* MainTableViewController.swift in Sources */,
				3D49FA651E7D640B0084F4CD /* UsersViewController.swift in Sources */,
				3D49FA5B1E7C58940084F4CD /* Router.swift in Sources */,
				3D49FA5D1E7C79AC0084F4CD /* APIService.swift in Sources */,
				3D49FA701E7DB7EF0084F4CD /* UserTableViewCell.swift in Sources */,
				3DB80C2E1E7EC0DA008F8645 /* BaseViewController.swift in Sources */,
				3D2C07BA1E7ECD9600D32C94 /* NotificationManager.swift in Sources */,
				3D49FA3A1E7C3EB80084F4CD /* AppDelegate.swift in Sources */,
				3DB80C231E7DC75A008F8645 /* EditOptionsTableViewCell.swift in Sources */,
				3DB80C2B1E7EBE05008F8645 /* UIColor+Extension.swift in Sources */,
				3DB80C281E7E94F2008F8645 /* WelcomeView.swift in Sources */,
				3D49FA611E7C7E6D0084F4CD /* Alertable.swift in Sources */,
				3D49FA6A1E7D968C0084F4CD /* Address.swift in Sources */,
				3DB80C211E7DBF81008F8645 /* EditOptionsView.swift in Sources */,
				3D49FA6C1E7D96A40084F4CD /* Geolocation.swift in Sources */,
				3D49FA681E7D96620084F4CD /* User.swift in Sources */,
			);
			runOnlyForDeploymentPostprocessing = 0;
		};
/* End PBXSourcesBuildPhase section */

/* Begin PBXVariantGroup section */
		3D49FA541E7C47590084F4CD /* LaunchScreen.storyboard */ = {
			isa = PBXVariantGroup;
			children = (
				3D49FA551E7C47590084F4CD /* Base */,
			);
			name = LaunchScreen.storyboard;
			sourceTree = "<group>";
		};
		3D49FA561E7C47590084F4CD /* Main.storyboard */ = {
			isa = PBXVariantGroup;
			children = (
				3D49FA571E7C47590084F4CD /* Base */,
			);
			name = Main.storyboard;
			sourceTree = "<group>";
		};
/* End PBXVariantGroup section */

/* Begin XCBuildConfiguration section */
		3D49FA461E7C3EB80084F4CD /* Debug */ = {
			isa = XCBuildConfiguration;
			buildSettings = {
				ALWAYS_SEARCH_USER_PATHS = NO;
				CLANG_ANALYZER_NONNULL = YES;
				CLANG_CXX_LANGUAGE_STANDARD = "gnu++0x";
				CLANG_CXX_LIBRARY = "libc++";
				CLANG_ENABLE_MODULES = YES;
				CLANG_ENABLE_OBJC_ARC = YES;
				CLANG_WARN_BOOL_CONVERSION = YES;
				CLANG_WARN_CONSTANT_CONVERSION = YES;
				CLANG_WARN_DIRECT_OBJC_ISA_USAGE = YES_ERROR;
				CLANG_WARN_DOCUMENTATION_COMMENTS = YES;
				CLANG_WARN_EMPTY_BODY = YES;
				CLANG_WARN_ENUM_CONVERSION = YES;
				CLANG_WARN_INFINITE_RECURSION = YES;
				CLANG_WARN_INT_CONVERSION = YES;
				CLANG_WARN_OBJC_ROOT_CLASS = YES_ERROR;
				CLANG_WARN_SUSPICIOUS_MOVE = YES;
				CLANG_WARN_UNREACHABLE_CODE = YES;
				CLANG_WARN__DUPLICATE_METHOD_MATCH = YES;
				"CODE_SIGN_IDENTITY[sdk=iphoneos*]" = "iPhone Developer";
				COPY_PHASE_STRIP = NO;
				DEBUG_INFORMATION_FORMAT = dwarf;
				ENABLE_STRICT_OBJC_MSGSEND = YES;
				ENABLE_TESTABILITY = YES;
				GCC_C_LANGUAGE_STANDARD = gnu99;
				GCC_DYNAMIC_NO_PIC = NO;
				GCC_NO_COMMON_BLOCKS = YES;
				GCC_OPTIMIZATION_LEVEL = 0;
				GCC_PREPROCESSOR_DEFINITIONS = (
					"DEBUG=1",
					"$(inherited)",
				);
				GCC_WARN_64_TO_32_BIT_CONVERSION = YES;
				GCC_WARN_ABOUT_RETURN_TYPE = YES_ERROR;
				GCC_WARN_UNDECLARED_SELECTOR = YES;
				GCC_WARN_UNINITIALIZED_AUTOS = YES_AGGRESSIVE;
				GCC_WARN_UNUSED_FUNCTION = YES;
				GCC_WARN_UNUSED_VARIABLE = YES;
				IPHONEOS_DEPLOYMENT_TARGET = 10.2;
				MTL_ENABLE_DEBUG_INFO = YES;
				ONLY_ACTIVE_ARCH = YES;
				SDKROOT = iphoneos;
				SWIFT_ACTIVE_COMPILATION_CONDITIONS = DEBUG;
				SWIFT_OPTIMIZATION_LEVEL = "-Onone";
				TARGETED_DEVICE_FAMILY = "1,2";
			};
			name = Debug;
		};
		3D49FA471E7C3EB80084F4CD /* Release */ = {
			isa = XCBuildConfiguration;
			buildSettings = {
				ALWAYS_SEARCH_USER_PATHS = NO;
				CLANG_ANALYZER_NONNULL = YES;
				CLANG_CXX_LANGUAGE_STANDARD = "gnu++0x";
				CLANG_CXX_LIBRARY = "libc++";
				CLANG_ENABLE_MODULES = YES;
				CLANG_ENABLE_OBJC_ARC = YES;
				CLANG_WARN_BOOL_CONVERSION = YES;
				CLANG_WARN_CONSTANT_CONVERSION = YES;
				CLANG_WARN_DIRECT_OBJC_ISA_USAGE = YES_ERROR;
				CLANG_WARN_DOCUMENTATION_COMMENTS = YES;
				CLANG_WARN_EMPTY_BODY = YES;
				CLANG_WARN_ENUM_CONVERSION = YES;
				CLANG_WARN_INFINITE_RECURSION = YES;
				CLANG_WARN_INT_CONVERSION = YES;
				CLANG_WARN_OBJC_ROOT_CLASS = YES_ERROR;
				CLANG_WARN_SUSPICIOUS_MOVE = YES;
				CLANG_WARN_UNREACHABLE_CODE = YES;
				CLANG_WARN__DUPLICATE_METHOD_MATCH = YES;
				"CODE_SIGN_IDENTITY[sdk=iphoneos*]" = "iPhone Developer";
				COPY_PHASE_STRIP = NO;
				DEBUG_INFORMATION_FORMAT = "dwarf-with-dsym";
				ENABLE_NS_ASSERTIONS = NO;
				ENABLE_STRICT_OBJC_MSGSEND = YES;
				GCC_C_LANGUAGE_STANDARD = gnu99;
				GCC_NO_COMMON_BLOCKS = YES;
				GCC_WARN_64_TO_32_BIT_CONVERSION = YES;
				GCC_WARN_ABOUT_RETURN_TYPE = YES_ERROR;
				GCC_WARN_UNDECLARED_SELECTOR = YES;
				GCC_WARN_UNINITIALIZED_AUTOS = YES_AGGRESSIVE;
				GCC_WARN_UNUSED_FUNCTION = YES;
				GCC_WARN_UNUSED_VARIABLE = YES;
				IPHONEOS_DEPLOYMENT_TARGET = 10.2;
				MTL_ENABLE_DEBUG_INFO = NO;
				SDKROOT = iphoneos;
				SWIFT_OPTIMIZATION_LEVEL = "-Owholemodule";
				TARGETED_DEVICE_FAMILY = "1,2";
				VALIDATE_PRODUCT = YES;
			};
			name = Release;
		};
		3D49FA491E7C3EB80084F4CD /* Debug */ = {
			isa = XCBuildConfiguration;
			baseConfigurationReference = 12683EFB3C6E576D8740F481 /* Pods-JSONPlaceholderShowcaseApp.debug.xcconfig */;
			buildSettings = {
				ASSETCATALOG_COMPILER_APPICON_NAME = AppIcon;
				DEVELOPMENT_TEAM = JFNBD6A383;
				INFOPLIST_FILE = "$(SRCROOT)/JSONPlaceholderShowcaseApp/Resources/Info.plist";
				LD_RUNPATH_SEARCH_PATHS = "$(inherited) @executable_path/Frameworks";
				PRODUCT_BUNDLE_IDENTIFIER = dp.JSONPlaceholderShowcaseAppNew;
				PRODUCT_NAME = "$(TARGET_NAME)";
				SWIFT_VERSION = 3.0;
			};
			name = Debug;
		};
		3D49FA4A1E7C3EB80084F4CD /* Release */ = {
			isa = XCBuildConfiguration;
			baseConfigurationReference = 0374B4BEF84D8DC07AB50E73 /* Pods-JSONPlaceholderShowcaseApp.release.xcconfig */;
			buildSettings = {
				ASSETCATALOG_COMPILER_APPICON_NAME = AppIcon;
				DEVELOPMENT_TEAM = JFNBD6A383;
				INFOPLIST_FILE = "$(SRCROOT)/JSONPlaceholderShowcaseApp/Resources/Info.plist";
				LD_RUNPATH_SEARCH_PATHS = "$(inherited) @executable_path/Frameworks";
				PRODUCT_BUNDLE_IDENTIFIER = dp.JSONPlaceholderShowcaseAppNew;
				PRODUCT_NAME = "$(TARGET_NAME)";
				SWIFT_VERSION = 3.0;
			};
			name = Release;
		};
/* End XCBuildConfiguration section */

/* Begin XCConfigurationList section */
		3D49FA311E7C3EB80084F4CD /* Build configuration list for PBXProject "JSONPlaceholderShowcaseApp" */ = {
			isa = XCConfigurationList;
			buildConfigurations = (
				3D49FA461E7C3EB80084F4CD /* Debug */,
				3D49FA471E7C3EB80084F4CD /* Release */,
			);
			defaultConfigurationIsVisible = 0;
			defaultConfigurationName = Release;
		};
		3D49FA481E7C3EB80084F4CD /* Build configuration list for PBXNativeTarget "JSONPlaceholderShowcaseApp" */ = {
			isa = XCConfigurationList;
			buildConfigurations = (
				3D49FA491E7C3EB80084F4CD /* Debug */,
				3D49FA4A1E7C3EB80084F4CD /* Release */,
			);
			defaultConfigurationIsVisible = 0;
			defaultConfigurationName = Release;
		};
/* End XCConfigurationList section */
	};
	rootObject = 3D49FA2E1E7C3EB80084F4CD /* Project object */;
}
